# SPDX-FileCopyrightText: 2026 Universitas Sriwijaya
# SPDX-License-Identifier: GPL-3.0-or-later

# DE10-Nano (Cyclone V SE 5CSEBA6U23I7) stand-alone SIDIK release project:
# two SIDIK instances behind a JTAG to Avalon master (release_sys.tcl).
# build.sh adds the RO-PUF assignments (CYCLONEV, LogicLock regions
# ro_region_a / ro_region_b, synchronizers, sidik_ro.sdc) with
# sidik_assignments.tcl. Not yet compiled by anyone on this repository:
# check the "Ignored Assignments" report after the first compile.

set_global_assignment -name FAMILY "Cyclone V"
set_global_assignment -name DEVICE 5CSEBA6U23I7
set_global_assignment -name TOP_LEVEL_ENTITY sidik_release_top
set_global_assignment -name PROJECT_OUTPUT_DIRECTORY output_files
set_global_assignment -name NUM_PARALLEL_PROCESSORS ALL

set_global_assignment -name VERILOG_FILE sidik_release_top.v
set_global_assignment -name QIP_FILE release_sys/synthesis/release_sys.qip
set_global_assignment -name SDC_FILE sidik_release_top.sdc

# DE10-Nano pins (Terasic DE10-Nano user manual; verify against the board's
# golden top QSF before programming).
set_location_assignment PIN_V11 -to FPGA_CLK1_50
set_location_assignment PIN_AH17 -to KEY[0]
set_location_assignment PIN_AH16 -to KEY[1]
set_location_assignment PIN_W15 -to LED[0]
set_location_assignment PIN_AA24 -to LED[1]
set_location_assignment PIN_V16 -to LED[2]
set_location_assignment PIN_V15 -to LED[3]
set_location_assignment PIN_AF26 -to LED[4]
set_location_assignment PIN_AE26 -to LED[5]
set_location_assignment PIN_Y16 -to LED[6]
set_location_assignment PIN_AA23 -to LED[7]
set_instance_assignment -name IO_STANDARD "3.3-V LVTTL" -to FPGA_CLK1_50
set_instance_assignment -name IO_STANDARD "3.3-V LVTTL" -to KEY[*]
set_instance_assignment -name IO_STANDARD "3.3-V LVTTL" -to LED[*]
